
Microsoft Visual Studio Solution File, Format Version 12.00
# Visual Studio Version 17
VisualStudioVersion = 17.4.33205.214
MinimumVisualStudioVersion = 10.0.40219.1
Project("{FAE04EC0-301F-11D3-BF4B-00C04F79EFBC}") = "ParOuImpar", "ParOuImpar.csproj", "{0613A574-23F3-43B3-8CC5-6309C6947040}"
EndProject
Global
	GlobalSection(SolutionConfigurationPlatforms) = preSolution
		Debug|Any CPU = Debug|Any CPU
		Release|Any CPU = Release|Any CPU
	EndGlobalSection
	GlobalSection(ProjectConfigurationPlatforms) = postSolution
		{0613A574-23F3-43B3-8CC5-6309C6947040}.Debug|Any CPU.ActiveCfg = Debug|Any CPU
		{0613A574-23F3-43B3-8CC5-6309C6947040}.Debug|Any CPU.Build.0 = Debug|Any CPU
		{0613A574-23F3-43B3-8CC5-6309C6947040}.Release|Any CPU.ActiveCfg = Release|Any CPU
		{0613A574-23F3-43B3-8CC5-6309C6947040}.Release|Any CPU.Build.0 = Release|Any CPU
	EndGlobalSection
	GlobalSection(SolutionProperties) = preSolution
		HideSolutionNode = FALSE
	EndGlobalSection
	GlobalSection(ExtensibilityGlobals) = postSolution
		SolutionGuid = {7E96BD23-A688-4230-8B8F-3B1575EF82A7}
	EndGlobalSection
EndGlobal
